
Microsoft Visual Studio Solution File, Format Version 12.00
# Visual Studio Version 17
VisualStudioVersion = 17.10.35004.147
MinimumVisualStudioVersion = 10.0.40219.1
Project("{9A19103F-16F7-4668-BE54-9A1E7A4F7556}") = "MulticlientCreator", "src\MulticlientCreator\MulticlientCreator.csproj", "{E440EEC7-846D-4EBA-BEA7-73F9836E93F1}"
EndProject
Global
	GlobalSection(SolutionConfigurationPlatforms) = preSolution
		Debug|Any CPU = Debug|Any CPU
		Release|Any CPU = Release|Any CPU
	EndGlobalSection
	GlobalSection(ProjectConfigurationPlatforms) = postSolution
		{E440EEC7-846D-4EBA-BEA7-73F9836E93F1}.Debug|Any CPU.ActiveCfg = Debug|Any CPU
		{E440EEC7-846D-4EBA-BEA7-73F9836E93F1}.Debug|Any CPU.Build.0 = Debug|Any CPU
		{E440EEC7-846D-4EBA-BEA7-73F9836E93F1}.Release|Any CPU.ActiveCfg = Release|Any CPU
		{E440EEC7-846D-4EBA-BEA7-73F9836E93F1}.Release|Any CPU.Build.0 = Release|Any CPU
	EndGlobalSection
	GlobalSection(SolutionProperties) = preSolution
		HideSolutionNode = FALSE
	EndGlobalSection
	GlobalSection(ExtensibilityGlobals) = postSolution
		SolutionGuid = {4C0254BE-CBEE-434E-AC6E-7674A3DF3B68}
	EndGlobalSection
EndGlobal
